%{
  "bunt": {:hex, :bunt, "0.2.0", "951c6e801e8b1d2cbe58ebbd3e616a869061ddadcc4863d0a2182541acae9a38", [:mix], [], "hexpm"},
  "connection": {:hex, :connection, "1.0.4", "a1cae72211f0eef17705aaededacac3eb30e6625b04a6117c1b2db6ace7d5976", [:mix], [], "hexpm"},
  "crc32cer": {:hex, :crc32cer, "0.1.3", "8984906c4b4fae6aa292c48f286a1c83b19ad44bd102287acb94d696015967ce", [:make, :rebar, :rebar3], [], "hexpm"},
  "credo": {:hex, :credo, "1.0.5", "fdea745579f8845315fe6a3b43e2f9f8866839cfbc8562bb72778e9fdaa94214", [:mix], [{:bunt, "~> 0.2.0", [hex: :bunt, repo: "hexpm", optional: false]}, {:jason, "~> 1.0", [hex: :jason, repo: "hexpm", optional: false]}], "hexpm"},
  "jason": {:hex, :jason, "1.1.2", "b03dedea67a99223a2eaf9f1264ce37154564de899fd3d8b9a21b1a6fd64afe7", [:mix], [{:decimal, "~> 1.0", [hex: :decimal, repo: "hexpm", optional: true]}], "hexpm"},
  "kafka_ex": {:hex, :kafka_ex, "0.10.0", "74a4660f78b488d333d13c42315d54be096a57da35981c99c8aceb2d1d5c34b4", [:mix], [], "hexpm"},
  "kayrock": {:hex, :kayrock, "0.1.9", "db2ddbd9b1e5e03fe19ba535796260e26691227cd259efa23636af6f20c87cdb", [:mix], [{:connection, "~>1.0.4", [hex: :connection, repo: "hexpm", optional: false]}, {:crc32cer, "~>0.1.3", [hex: :crc32cer, repo: "hexpm", optional: false]}, {:varint, "~>1.2.0", [hex: :varint, repo: "hexpm", optional: false]}], "hexpm"},
  "varint": {:hex, :varint, "1.2.0", "61bffd9dcc2d5242d59f75694506b4d4013bb103f6a23e34b94f89cebb0c1ab3", [:mix], [], "hexpm"},
}
